
Microsoft Visual Studio Solution File, Format Version 12.00
# Visual Studio Version 16
VisualStudioVersion = 16.0.29209.62
MinimumVisualStudioVersion = 10.0.40219.1
Project("{8BC9CEB8-8B4A-11D0-8D11-00A0C91BC942}") = "ColorfulStarCoreDecomposition", "ColorfulStarCoreDecomposition\ColorfulStarCoreDecomposition.vcxproj", "{509134D9-BB23-460C-A2CE-2F128A2B150C}"
EndProject
Global
	GlobalSection(SolutionConfigurationPlatforms) = preSolution
		Debug|x64 = Debug|x64
		Debug|x86 = Debug|x86
		Release|x64 = Release|x64
		Release|x86 = Release|x86
	EndGlobalSection
	GlobalSection(ProjectConfigurationPlatforms) = postSolution
		{509134D9-BB23-460C-A2CE-2F128A2B150C}.Debug|x64.ActiveCfg = Debug|x64
		{509134D9-BB23-460C-A2CE-2F128A2B150C}.Debug|x64.Build.0 = Debug|x64
		{509134D9-BB23-460C-A2CE-2F128A2B150C}.Debug|x86.ActiveCfg = Debug|Win32
		{509134D9-BB23-460C-A2CE-2F128A2B150C}.Debug|x86.Build.0 = Debug|Win32
		{509134D9-BB23-460C-A2CE-2F128A2B150C}.Release|x64.ActiveCfg = Release|x64
		{509134D9-BB23-460C-A2CE-2F128A2B150C}.Release|x64.Build.0 = Release|x64
		{509134D9-BB23-460C-A2CE-2F128A2B150C}.Release|x86.ActiveCfg = Release|Win32
		{509134D9-BB23-460C-A2CE-2F128A2B150C}.Release|x86.Build.0 = Release|Win32
	EndGlobalSection
	GlobalSection(SolutionProperties) = preSolution
		HideSolutionNode = FALSE
	EndGlobalSection
	GlobalSection(ExtensibilityGlobals) = postSolution
		SolutionGuid = {25E617D2-BBBD-461D-A8F2-B8F8F0010DE8}
	EndGlobalSection
EndGlobal
